
Microsoft Visual Studio Solution File, Format Version 12.00
# Visual Studio 15
VisualStudioVersion = 15.0.27130.2010
MinimumVisualStudioVersion = 10.0.40219.1
Project("{888888A0-9F3D-457C-B088-3A5042F75D52}") = "EyeOfTheUniverse", "EyeOfTheUniverse.pyproj", "{BCCF9ECC-2764-41E7-BE28-45E9D82EA9FE}"
EndProject
Global
	GlobalSection(SolutionConfigurationPlatforms) = preSolution
		Debug|Any CPU = Debug|Any CPU
		Release|Any CPU = Release|Any CPU
	EndGlobalSection
	GlobalSection(ProjectConfigurationPlatforms) = postSolution
		{BCCF9ECC-2764-41E7-BE28-45E9D82EA9FE}.Debug|Any CPU.ActiveCfg = Debug|Any CPU
		{BCCF9ECC-2764-41E7-BE28-45E9D82EA9FE}.Release|Any CPU.ActiveCfg = Release|Any CPU
	EndGlobalSection
	GlobalSection(SolutionProperties) = preSolution
		HideSolutionNode = FALSE
	EndGlobalSection
	GlobalSection(ExtensibilityGlobals) = postSolution
		SolutionGuid = {77ACF733-3153-4E29-A3D1-D6E607C7DA9E}
	EndGlobalSection
EndGlobal
